
Microsoft Visual Studio Solution File, Format Version 11.00
# Visual Studio 2010
Project("{FAE04EC0-301F-11D3-BF4B-00C04F79EFBC}") = "Caidas", "Caidas\Caidas\Caidas.csproj", "{43C4C4E9-0C18-4E47-BCEC-FE6622833848}"
EndProject
Project("{96E2B04D-8817-42C6-938A-82C39BA4D311}") = "CaidasContent", "Caidas\CaidasContent\CaidasContent.contentproj", "{06867DD9-FEA6-432F-8DA7-60562E5622FF}"
EndProject
Global
	GlobalSection(SolutionConfigurationPlatforms) = preSolution
		Debug|x86 = Debug|x86
		Release|x86 = Release|x86
	EndGlobalSection
	GlobalSection(ProjectConfigurationPlatforms) = postSolution
		{43C4C4E9-0C18-4E47-BCEC-FE6622833848}.Debug|x86.ActiveCfg = Debug|x86
		{43C4C4E9-0C18-4E47-BCEC-FE6622833848}.Debug|x86.Build.0 = Debug|x86
		{43C4C4E9-0C18-4E47-BCEC-FE6622833848}.Release|x86.ActiveCfg = Release|x86
		{43C4C4E9-0C18-4E47-BCEC-FE6622833848}.Release|x86.Build.0 = Release|x86
		{06867DD9-FEA6-432F-8DA7-60562E5622FF}.Debug|x86.ActiveCfg = Debug|x86
		{06867DD9-FEA6-432F-8DA7-60562E5622FF}.Release|x86.ActiveCfg = Release|x86
	EndGlobalSection
	GlobalSection(SolutionProperties) = preSolution
		HideSolutionNode = FALSE
	EndGlobalSection
EndGlobal
